# THIS IS AN AUTOGENERATED FILE. DO NOT EDIT THIS FILE DIRECTLY.
# yarn lockfile v1


lucide-react@^0.399.0:
  version "0.399.0"
  resolved "https://registry.yarnpkg.com/lucide-react/-/lucide-react-0.399.0.tgz#cb072fd99fa751083cc08fba7266f1c7bff9e280"
  integrity sha512-UyTNa3djBISdzL2UktgCrESXexQXaDQWi/WsDkbw6fBFfHlapajR58WoR+gxQ4laxfEyiHmoFrEIM3V+5XOVQg==
